
Microsoft Visual Studio Solution File, Format Version 12.00
# Visual Studio Version 16
VisualStudioVersion = 16.0.30717.126
MinimumVisualStudioVersion = 10.0.40219.1
Project("{8BC9CEB8-8B4A-11D0-8D11-00A0C91BC942}") = "demo_opencv", "demo_opencv\demo_opencv.vcxproj", "{EC441866-A787-495E-A126-BB5C2E37CCDD}"
EndProject
Project("{2150E333-8FDC-42A3-9474-1A3956D46DE8}") = "Resource", "Resource", "{5C579DA6-868E-4376-86C3-8D67994AF488}"
EndProject
Global
	GlobalSection(SolutionConfigurationPlatforms) = preSolution
		Debug|x64 = Debug|x64
		Debug|x86 = Debug|x86
		Release|x64 = Release|x64
		Release|x86 = Release|x86
	EndGlobalSection
	GlobalSection(ProjectConfigurationPlatforms) = postSolution
		{EC441866-A787-495E-A126-BB5C2E37CCDD}.Debug|x64.ActiveCfg = Debug|x64
		{EC441866-A787-495E-A126-BB5C2E37CCDD}.Debug|x64.Build.0 = Debug|x64
		{EC441866-A787-495E-A126-BB5C2E37CCDD}.Debug|x86.ActiveCfg = Debug|Win32
		{EC441866-A787-495E-A126-BB5C2E37CCDD}.Debug|x86.Build.0 = Debug|Win32
		{EC441866-A787-495E-A126-BB5C2E37CCDD}.Release|x64.ActiveCfg = Release|x64
		{EC441866-A787-495E-A126-BB5C2E37CCDD}.Release|x64.Build.0 = Release|x64
		{EC441866-A787-495E-A126-BB5C2E37CCDD}.Release|x86.ActiveCfg = Release|Win32
		{EC441866-A787-495E-A126-BB5C2E37CCDD}.Release|x86.Build.0 = Release|Win32
	EndGlobalSection
	GlobalSection(SolutionProperties) = preSolution
		HideSolutionNode = FALSE
	EndGlobalSection
	GlobalSection(ExtensibilityGlobals) = postSolution
		SolutionGuid = {BE3BCDB8-ED62-4BE2-84BF-EE3E60DE3E9A}
	EndGlobalSection
EndGlobal
